
Microsoft Visual Studio Solution File, Format Version 12.00
# Visual Studio Version 17
VisualStudioVersion = 17.5.33502.453
MinimumVisualStudioVersion = 10.0.40219.1
Project("{FAE04EC0-301F-11D3-BF4B-00C04F79EFBC}") = "ProyectoLenguajes", "ProyectoLenguajes.csproj", "{3BED940C-C0CB-42CC-9490-8AA316782931}"
EndProject
Global
	GlobalSection(SolutionConfigurationPlatforms) = preSolution
		Debug|Any CPU = Debug|Any CPU
		Release|Any CPU = Release|Any CPU
	EndGlobalSection
	GlobalSection(ProjectConfigurationPlatforms) = postSolution
		{3BED940C-C0CB-42CC-9490-8AA316782931}.Debug|Any CPU.ActiveCfg = Debug|Any CPU
		{3BED940C-C0CB-42CC-9490-8AA316782931}.Debug|Any CPU.Build.0 = Debug|Any CPU
		{3BED940C-C0CB-42CC-9490-8AA316782931}.Release|Any CPU.ActiveCfg = Release|Any CPU
		{3BED940C-C0CB-42CC-9490-8AA316782931}.Release|Any CPU.Build.0 = Release|Any CPU
	EndGlobalSection
	GlobalSection(SolutionProperties) = preSolution
		HideSolutionNode = FALSE
	EndGlobalSection
	GlobalSection(ExtensibilityGlobals) = postSolution
		SolutionGuid = {B2DB193F-9206-4EE1-AD64-9B3365B770DE}
	EndGlobalSection
EndGlobal
